
Microsoft Visual Studio Solution File, Format Version 12.00
# Visual Studio 15
VisualStudioVersion = 15.0.28010.2016
MinimumVisualStudioVersion = 10.0.40219.1
Project("{FAE04EC0-301F-11D3-BF4B-00C04F79EFBC}") = "tnation1b1", "tnation1b1\tnation1b1.csproj", "{5C108541-1DC2-45D2-829B-900F93C23668}"
EndProject
Global
	GlobalSection(SolutionConfigurationPlatforms) = preSolution
		Debug|Any CPU = Debug|Any CPU
		Release|Any CPU = Release|Any CPU
	EndGlobalSection
	GlobalSection(ProjectConfigurationPlatforms) = postSolution
		{5C108541-1DC2-45D2-829B-900F93C23668}.Debug|Any CPU.ActiveCfg = Debug|Any CPU
		{5C108541-1DC2-45D2-829B-900F93C23668}.Debug|Any CPU.Build.0 = Debug|Any CPU
		{5C108541-1DC2-45D2-829B-900F93C23668}.Release|Any CPU.ActiveCfg = Release|Any CPU
		{5C108541-1DC2-45D2-829B-900F93C23668}.Release|Any CPU.Build.0 = Release|Any CPU
	EndGlobalSection
	GlobalSection(SolutionProperties) = preSolution
		HideSolutionNode = FALSE
	EndGlobalSection
	GlobalSection(ExtensibilityGlobals) = postSolution
		SolutionGuid = {22BA30AE-6D50-4EFA-B74C-519489DF1475}
	EndGlobalSection
EndGlobal
