
Microsoft Visual Studio Solution File, Format Version 12.00
# Visual Studio 15
VisualStudioVersion = 15.0.28010.2016
MinimumVisualStudioVersion = 10.0.40219.1
Project("{FAE04EC0-301F-11D3-BF4B-00C04F79EFBC}") = "tnation1b1", "tnation1b1\tnation1b1.csproj", "{5C108541-1DC2-45D2-829B-900F93C23668}"
EndProject
Project("{FAE04EC0-301F-11D3-BF4B-00C04F79EFBC}") = "tnation1c1", "tnation1c1\tnation1c1.csproj", "{DEA1C50E-B983-4E6C-82A4-1693D1590067}"
EndProject
Project("{FAE04EC0-301F-11D3-BF4B-00C04F79EFBC}") = "tnation1d1", "tnation1d1\tnation1d1.csproj", "{A37B9928-F375-462F-A08E-38716BD7414B}"
EndProject
Project("{FAE04EC0-301F-11D3-BF4B-00C04F79EFBC}") = "tnation1e1", "tnation1e1\tnation1e1.csproj", "{D9F237AE-8DDA-485B-82D1-4F1AA5498F0C}"
EndProject
Project("{FAE04EC0-301F-11D3-BF4B-00C04F79EFBC}") = "tnation1f1", "tnation1f1\tnation1f1.csproj", "{E30F4817-DFE9-4CBF-A2D4-EEE86C12F758}"
EndProject
Project("{FAE04EC0-301F-11D3-BF4B-00C04F79EFBC}") = "FrmEx1g", "FrmEx1g\FrmEx1g.csproj", "{7DFF3838-10AC-416B-B450-15B77B35AC70}"
EndProject
Project("{FAE04EC0-301F-11D3-BF4B-00C04F79EFBC}") = "tnation2a1", "tnation2a1\tnation2a1.csproj", "{FDE02CF8-C63A-493F-98B3-C10F2C01B9FB}"
EndProject
Project("{FAE04EC0-301F-11D3-BF4B-00C04F79EFBC}") = "tnation2b1", "tnation2b1\tnation2b1.csproj", "{3D5E5024-D55C-442F-8C01-DF901907AA19}"
EndProject
Project("{FAE04EC0-301F-11D3-BF4B-00C04F79EFBC}") = "tnation2c1", "tnation2c1\tnation2c1.csproj", "{DC0D7D62-5975-447B-B5C0-5FC848D45284}"
EndProject
Project("{FAE04EC0-301F-11D3-BF4B-00C04F79EFBC}") = "tnation2d1", "tnation2d1\tnation2d1.csproj", "{FB7A8436-FFFD-4C29-88A5-7F71DB6C9A63}"
EndProject
Global
	GlobalSection(SolutionConfigurationPlatforms) = preSolution
		Debug|Any CPU = Debug|Any CPU
		Release|Any CPU = Release|Any CPU
	EndGlobalSection
	GlobalSection(ProjectConfigurationPlatforms) = postSolution
		{5C108541-1DC2-45D2-829B-900F93C23668}.Debug|Any CPU.ActiveCfg = Debug|Any CPU
		{5C108541-1DC2-45D2-829B-900F93C23668}.Debug|Any CPU.Build.0 = Debug|Any CPU
		{5C108541-1DC2-45D2-829B-900F93C23668}.Release|Any CPU.ActiveCfg = Release|Any CPU
		{5C108541-1DC2-45D2-829B-900F93C23668}.Release|Any CPU.Build.0 = Release|Any CPU
		{DEA1C50E-B983-4E6C-82A4-1693D1590067}.Debug|Any CPU.ActiveCfg = Debug|Any CPU
		{DEA1C50E-B983-4E6C-82A4-1693D1590067}.Debug|Any CPU.Build.0 = Debug|Any CPU
		{DEA1C50E-B983-4E6C-82A4-1693D1590067}.Release|Any CPU.ActiveCfg = Release|Any CPU
		{DEA1C50E-B983-4E6C-82A4-1693D1590067}.Release|Any CPU.Build.0 = Release|Any CPU
		{A37B9928-F375-462F-A08E-38716BD7414B}.Debug|Any CPU.ActiveCfg = Debug|Any CPU
		{A37B9928-F375-462F-A08E-38716BD7414B}.Debug|Any CPU.Build.0 = Debug|Any CPU
		{A37B9928-F375-462F-A08E-38716BD7414B}.Release|Any CPU.ActiveCfg = Release|Any CPU
		{A37B9928-F375-462F-A08E-38716BD7414B}.Release|Any CPU.Build.0 = Release|Any CPU
		{D9F237AE-8DDA-485B-82D1-4F1AA5498F0C}.Debug|Any CPU.ActiveCfg = Debug|Any CPU
		{D9F237AE-8DDA-485B-82D1-4F1AA5498F0C}.Debug|Any CPU.Build.0 = Debug|Any CPU
		{D9F237AE-8DDA-485B-82D1-4F1AA5498F0C}.Release|Any CPU.ActiveCfg = Release|Any CPU
		{D9F237AE-8DDA-485B-82D1-4F1AA5498F0C}.Release|Any CPU.Build.0 = Release|Any CPU
		{E30F4817-DFE9-4CBF-A2D4-EEE86C12F758}.Debug|Any CPU.ActiveCfg = Debug|Any CPU
		{E30F4817-DFE9-4CBF-A2D4-EEE86C12F758}.Debug|Any CPU.Build.0 = Debug|Any CPU
		{E30F4817-DFE9-4CBF-A2D4-EEE86C12F758}.Release|Any CPU.ActiveCfg = Release|Any CPU
		{E30F4817-DFE9-4CBF-A2D4-EEE86C12F758}.Release|Any CPU.Build.0 = Release|Any CPU
		{7DFF3838-10AC-416B-B450-15B77B35AC70}.Debug|Any CPU.ActiveCfg = Debug|Any CPU
		{7DFF3838-10AC-416B-B450-15B77B35AC70}.Debug|Any CPU.Build.0 = Debug|Any CPU
		{7DFF3838-10AC-416B-B450-15B77B35AC70}.Release|Any CPU.ActiveCfg = Release|Any CPU
		{7DFF3838-10AC-416B-B450-15B77B35AC70}.Release|Any CPU.Build.0 = Release|Any CPU
		{FDE02CF8-C63A-493F-98B3-C10F2C01B9FB}.Debug|Any CPU.ActiveCfg = Debug|Any CPU
		{FDE02CF8-C63A-493F-98B3-C10F2C01B9FB}.Debug|Any CPU.Build.0 = Debug|Any CPU
		{FDE02CF8-C63A-493F-98B3-C10F2C01B9FB}.Release|Any CPU.ActiveCfg = Release|Any CPU
		{FDE02CF8-C63A-493F-98B3-C10F2C01B9FB}.Release|Any CPU.Build.0 = Release|Any CPU
		{3D5E5024-D55C-442F-8C01-DF901907AA19}.Debug|Any CPU.ActiveCfg = Debug|Any CPU
		{3D5E5024-D55C-442F-8C01-DF901907AA19}.Debug|Any CPU.Build.0 = Debug|Any CPU
		{3D5E5024-D55C-442F-8C01-DF901907AA19}.Release|Any CPU.ActiveCfg = Release|Any CPU
		{3D5E5024-D55C-442F-8C01-DF901907AA19}.Release|Any CPU.Build.0 = Release|Any CPU
		{DC0D7D62-5975-447B-B5C0-5FC848D45284}.Debug|Any CPU.ActiveCfg = Debug|Any CPU
		{DC0D7D62-5975-447B-B5C0-5FC848D45284}.Debug|Any CPU.Build.0 = Debug|Any CPU
		{DC0D7D62-5975-447B-B5C0-5FC848D45284}.Release|Any CPU.ActiveCfg = Release|Any CPU
		{DC0D7D62-5975-447B-B5C0-5FC848D45284}.Release|Any CPU.Build.0 = Release|Any CPU
		{FB7A8436-FFFD-4C29-88A5-7F71DB6C9A63}.Debug|Any CPU.ActiveCfg = Debug|Any CPU
		{FB7A8436-FFFD-4C29-88A5-7F71DB6C9A63}.Debug|Any CPU.Build.0 = Debug|Any CPU
		{FB7A8436-FFFD-4C29-88A5-7F71DB6C9A63}.Release|Any CPU.ActiveCfg = Release|Any CPU
		{FB7A8436-FFFD-4C29-88A5-7F71DB6C9A63}.Release|Any CPU.Build.0 = Release|Any CPU
	EndGlobalSection
	GlobalSection(SolutionProperties) = preSolution
		HideSolutionNode = FALSE
	EndGlobalSection
	GlobalSection(ExtensibilityGlobals) = postSolution
		SolutionGuid = {22BA30AE-6D50-4EFA-B74C-519489DF1475}
	EndGlobalSection
EndGlobal
